
Microsoft Visual Studio Solution File, Format Version 12.00
# Visual Studio Version 16
VisualStudioVersion = 16.0.30011.22
MinimumVisualStudioVersion = 10.0.40219.1
Project("{9A19103F-16F7-4668-BE54-9A1E7A4F7556}") = "CommonBaseType", "Polvina\CommonBaseType.csproj", "{DAFDF5CE-051D-4DFF-B8B0-4FB193D77F74}"
EndProject
Project("{9A19103F-16F7-4668-BE54-9A1E7A4F7556}") = "CommonBaseData", "CommonBaseData\CommonBaseData.csproj", "{A2F9D1F4-52E9-4B7A-9E96-150E89406A94}"
EndProject
Project("{9A19103F-16F7-4668-BE54-9A1E7A4F7556}") = "Personal", "tblPersonal\Personal.csproj", "{7D0934FA-43D4-49A6-9349-DEBE81FC5854}"
EndProject
Project("{9A19103F-16F7-4668-BE54-9A1E7A4F7556}") = "NeedyAccounts", "NeedyAccounts\NeedyAccounts.csproj", "{11C935F7-1B07-44E6-B748-085928DCC8DA}"
EndProject
Project("{9A19103F-16F7-4668-BE54-9A1E7A4F7556}") = "CharityAccounts", "CharityAccounts\CharityAccounts.csproj", "{7D884C50-34D0-4307-B0D1-6EE0735F4865}"
EndProject
Project("{9A19103F-16F7-4668-BE54-9A1E7A4F7556}") = "Payment", "Payment\Payment.csproj", "{438FD300-36F2-49CB-9ED7-772DB8A42A12}"
EndProject
Project("{9A19103F-16F7-4668-BE54-9A1E7A4F7556}") = "AssignNeedyToPlans", "AssignNeedyToPlans\AssignNeedyToPlans.csproj", "{8CB4E482-D9CB-4F16-BEA1-48BD6EACE3BA}"
EndProject
Project("{9A19103F-16F7-4668-BE54-9A1E7A4F7556}") = "CashAssistanceDetail", "CashAssistanceDetail\CashAssistanceDetail.csproj", "{A43B8DA2-977E-41B1-BCC0-0A80352CBD3D}"
EndProject
Project("{9A19103F-16F7-4668-BE54-9A1E7A4F7556}") = "Plans", "Plans\Plans.csproj", "{C48E0754-E215-4737-B9E1-0D696EDCC8C6}"
EndProject
Project("{2150E333-8FDC-42A3-9474-1A3956D46DE8}") = "services", "services", "{612B1A46-7D75-4D8A-BF9D-9868A90CDCB1}"
EndProject
Project("{2150E333-8FDC-42A3-9474-1A3956D46DE8}") = "Polvino", "Polvino", "{73CE4D43-4209-4F28-A155-CC5E01FEF52F}"
EndProject
Project("{2150E333-8FDC-42A3-9474-1A3956D46DE8}") = "lib", "lib", "{7E77EAE7-0305-4C64-BDC9-F3A244D0B40A}"
EndProject
Project("{2150E333-8FDC-42A3-9474-1A3956D46DE8}") = "Docs", "Docs", "{0B56D7F9-8E1D-44F8-989B-8CFE7D282816}"
EndProject
Project("{2150E333-8FDC-42A3-9474-1A3956D46DE8}") = "Src", "Src", "{9AD84781-02F1-431A-A9B9-73CF3F49FF99}"
EndProject
Global
	GlobalSection(SolutionConfigurationPlatforms) = preSolution
		Debug|Any CPU = Debug|Any CPU
		Release|Any CPU = Release|Any CPU
	EndGlobalSection
	GlobalSection(ProjectConfigurationPlatforms) = postSolution
		{DAFDF5CE-051D-4DFF-B8B0-4FB193D77F74}.Debug|Any CPU.ActiveCfg = Debug|Any CPU
		{DAFDF5CE-051D-4DFF-B8B0-4FB193D77F74}.Debug|Any CPU.Build.0 = Debug|Any CPU
		{DAFDF5CE-051D-4DFF-B8B0-4FB193D77F74}.Release|Any CPU.ActiveCfg = Release|Any CPU
		{DAFDF5CE-051D-4DFF-B8B0-4FB193D77F74}.Release|Any CPU.Build.0 = Release|Any CPU
		{A2F9D1F4-52E9-4B7A-9E96-150E89406A94}.Debug|Any CPU.ActiveCfg = Debug|Any CPU
		{A2F9D1F4-52E9-4B7A-9E96-150E89406A94}.Debug|Any CPU.Build.0 = Debug|Any CPU
		{A2F9D1F4-52E9-4B7A-9E96-150E89406A94}.Release|Any CPU.ActiveCfg = Release|Any CPU
		{A2F9D1F4-52E9-4B7A-9E96-150E89406A94}.Release|Any CPU.Build.0 = Release|Any CPU
		{7D0934FA-43D4-49A6-9349-DEBE81FC5854}.Debug|Any CPU.ActiveCfg = Debug|Any CPU
		{7D0934FA-43D4-49A6-9349-DEBE81FC5854}.Debug|Any CPU.Build.0 = Debug|Any CPU
		{7D0934FA-43D4-49A6-9349-DEBE81FC5854}.Release|Any CPU.ActiveCfg = Release|Any CPU
		{7D0934FA-43D4-49A6-9349-DEBE81FC5854}.Release|Any CPU.Build.0 = Release|Any CPU
		{11C935F7-1B07-44E6-B748-085928DCC8DA}.Debug|Any CPU.ActiveCfg = Debug|Any CPU
		{11C935F7-1B07-44E6-B748-085928DCC8DA}.Debug|Any CPU.Build.0 = Debug|Any CPU
		{11C935F7-1B07-44E6-B748-085928DCC8DA}.Release|Any CPU.ActiveCfg = Release|Any CPU
		{11C935F7-1B07-44E6-B748-085928DCC8DA}.Release|Any CPU.Build.0 = Release|Any CPU
		{7D884C50-34D0-4307-B0D1-6EE0735F4865}.Debug|Any CPU.ActiveCfg = Debug|Any CPU
		{7D884C50-34D0-4307-B0D1-6EE0735F4865}.Debug|Any CPU.Build.0 = Debug|Any CPU
		{7D884C50-34D0-4307-B0D1-6EE0735F4865}.Release|Any CPU.ActiveCfg = Release|Any CPU
		{7D884C50-34D0-4307-B0D1-6EE0735F4865}.Release|Any CPU.Build.0 = Release|Any CPU
		{438FD300-36F2-49CB-9ED7-772DB8A42A12}.Debug|Any CPU.ActiveCfg = Debug|Any CPU
		{438FD300-36F2-49CB-9ED7-772DB8A42A12}.Debug|Any CPU.Build.0 = Debug|Any CPU
		{438FD300-36F2-49CB-9ED7-772DB8A42A12}.Release|Any CPU.ActiveCfg = Release|Any CPU
		{438FD300-36F2-49CB-9ED7-772DB8A42A12}.Release|Any CPU.Build.0 = Release|Any CPU
		{8CB4E482-D9CB-4F16-BEA1-48BD6EACE3BA}.Debug|Any CPU.ActiveCfg = Debug|Any CPU
		{8CB4E482-D9CB-4F16-BEA1-48BD6EACE3BA}.Debug|Any CPU.Build.0 = Debug|Any CPU
		{8CB4E482-D9CB-4F16-BEA1-48BD6EACE3BA}.Release|Any CPU.ActiveCfg = Release|Any CPU
		{8CB4E482-D9CB-4F16-BEA1-48BD6EACE3BA}.Release|Any CPU.Build.0 = Release|Any CPU
		{A43B8DA2-977E-41B1-BCC0-0A80352CBD3D}.Debug|Any CPU.ActiveCfg = Debug|Any CPU
		{A43B8DA2-977E-41B1-BCC0-0A80352CBD3D}.Debug|Any CPU.Build.0 = Debug|Any CPU
		{A43B8DA2-977E-41B1-BCC0-0A80352CBD3D}.Release|Any CPU.ActiveCfg = Release|Any CPU
		{A43B8DA2-977E-41B1-BCC0-0A80352CBD3D}.Release|Any CPU.Build.0 = Release|Any CPU
		{C48E0754-E215-4737-B9E1-0D696EDCC8C6}.Debug|Any CPU.ActiveCfg = Debug|Any CPU
		{C48E0754-E215-4737-B9E1-0D696EDCC8C6}.Debug|Any CPU.Build.0 = Debug|Any CPU
		{C48E0754-E215-4737-B9E1-0D696EDCC8C6}.Release|Any CPU.ActiveCfg = Release|Any CPU
		{C48E0754-E215-4737-B9E1-0D696EDCC8C6}.Release|Any CPU.Build.0 = Release|Any CPU
	EndGlobalSection
	GlobalSection(SolutionProperties) = preSolution
		HideSolutionNode = FALSE
	EndGlobalSection
	GlobalSection(NestedProjects) = preSolution
		{DAFDF5CE-051D-4DFF-B8B0-4FB193D77F74} = {612B1A46-7D75-4D8A-BF9D-9868A90CDCB1}
		{A2F9D1F4-52E9-4B7A-9E96-150E89406A94} = {612B1A46-7D75-4D8A-BF9D-9868A90CDCB1}
		{7D0934FA-43D4-49A6-9349-DEBE81FC5854} = {612B1A46-7D75-4D8A-BF9D-9868A90CDCB1}
		{11C935F7-1B07-44E6-B748-085928DCC8DA} = {612B1A46-7D75-4D8A-BF9D-9868A90CDCB1}
		{7D884C50-34D0-4307-B0D1-6EE0735F4865} = {612B1A46-7D75-4D8A-BF9D-9868A90CDCB1}
		{438FD300-36F2-49CB-9ED7-772DB8A42A12} = {612B1A46-7D75-4D8A-BF9D-9868A90CDCB1}
		{8CB4E482-D9CB-4F16-BEA1-48BD6EACE3BA} = {612B1A46-7D75-4D8A-BF9D-9868A90CDCB1}
		{A43B8DA2-977E-41B1-BCC0-0A80352CBD3D} = {612B1A46-7D75-4D8A-BF9D-9868A90CDCB1}
		{C48E0754-E215-4737-B9E1-0D696EDCC8C6} = {612B1A46-7D75-4D8A-BF9D-9868A90CDCB1}
		{612B1A46-7D75-4D8A-BF9D-9868A90CDCB1} = {9AD84781-02F1-431A-A9B9-73CF3F49FF99}
		{7E77EAE7-0305-4C64-BDC9-F3A244D0B40A} = {73CE4D43-4209-4F28-A155-CC5E01FEF52F}
		{0B56D7F9-8E1D-44F8-989B-8CFE7D282816} = {73CE4D43-4209-4F28-A155-CC5E01FEF52F}
		{9AD84781-02F1-431A-A9B9-73CF3F49FF99} = {73CE4D43-4209-4F28-A155-CC5E01FEF52F}
	EndGlobalSection
	GlobalSection(ExtensibilityGlobals) = postSolution
		SolutionGuid = {71F4A515-C3E0-4740-B0DF-CE9471F51BB7}
	EndGlobalSection
EndGlobal
